{
  "name": "workspace",
  "version": "1.0.0",
  "lockfileVersion": 3,
  "requires": true,
  "packages": {
    "": {
      "name": "workspace",
      "version": "1.0.0",
      "license": "ISC",
      "dependencies": {
        "scp-sshpass": "^0.1.0"
      }
    },
    "node_modules/scp-sshpass": {
      "version": "0.1.0",
      "resolved": "https://registry.npmjs.org/scp-sshpass/-/scp-sshpass-0.1.0.tgz",
      "integrity": "sha512-MeKmZ2neCK0/MQFZXSz3sArC+FJaYjcU25uinbbrSdlqGDJ4H1/pT8uZwEwBjbe6F41lGNJNSfj3gqI27Do8UA==",
      "license": "MIT"
    }
  }
}
