{
  "timestamp": "2025-11-27T22:40:38.865Z",
  "success": true,
  "version": "3.0",
  "lastCheck": {
    "isConsistent": true,
    "missingTables": [],
    "extraTables": [],
    "missingColumns": [],
    "extraColumns": [
      {
        "table": "material_purchases",
        "column": "material_id"
      },
      {
        "table": "projects",
        "column": "description"
      },
      {
        "table": "projects",
        "column": "location"
      },
      {
        "table": "projects",
        "column": "client_name"
      },
      {
        "table": "projects",
        "column": "budget"
      },
      {
        "table": "projects",
        "column": "start_date"
      },
      {
        "table": "projects",
        "column": "end_date"
      },
      {
        "table": "projects",
        "column": "notes"
      },
      {
        "table": "projects",
        "column": "is_active"
      },
      {
        "table": "projects",
        "column": "manager_name"
      },
      {
        "table": "projects",
        "column": "contact_phone"
      },
      {
        "table": "projects",
        "column": "updated_at"
      }
    ],
    "fixableIssues": 0,
    "criticalIssues": 0,
    "issues": [
      {
        "type": "extra_column",
        "severity": "low",
        "entity": "material_purchases.material_id",
        "description": "العمود \"material_id\" موجود في جدول \"material_purchases\" في قاعدة البيانات ولكن غير معرف في المخطط",
        "suggestion": "العمود \"material_id\" موجود في جدول \"material_purchases\" ولكن غير معرف في المخطط. أضفه للمخطط أو احذفه من قاعدة البيانات",
        "autoFixable": false
      },
      {
        "type": "extra_column",
        "severity": "low",
        "entity": "projects.description",
        "description": "العمود \"description\" موجود في جدول \"projects\" في قاعدة البيانات ولكن غير معرف في المخطط",
        "suggestion": "العمود \"description\" موجود في جدول \"projects\" ولكن غير معرف في المخطط. أضفه للمخطط أو احذفه من قاعدة البيانات",
        "autoFixable": false
      },
      {
        "type": "extra_column",
        "severity": "low",
        "entity": "projects.location",
        "description": "العمود \"location\" موجود في جدول \"projects\" في قاعدة البيانات ولكن غير معرف في المخطط",
        "suggestion": "العمود \"location\" موجود في جدول \"projects\" ولكن غير معرف في المخطط. أضفه للمخطط أو احذفه من قاعدة البيانات",
        "autoFixable": false
      },
      {
        "type": "extra_column",
        "severity": "low",
        "entity": "projects.client_name",
        "description": "العمود \"client_name\" موجود في جدول \"projects\" في قاعدة البيانات ولكن غير معرف في المخطط",
        "suggestion": "العمود \"client_name\" موجود في جدول \"projects\" ولكن غير معرف في المخطط. أضفه للمخطط أو احذفه من قاعدة البيانات",
        "autoFixable": false
      },
      {
        "type": "extra_column",
        "severity": "low",
        "entity": "projects.budget",
        "description": "العمود \"budget\" موجود في جدول \"projects\" في قاعدة البيانات ولكن غير معرف في المخطط",
        "suggestion": "العمود \"budget\" موجود في جدول \"projects\" ولكن غير معرف في المخطط. أضفه للمخطط أو احذفه من قاعدة البيانات",
        "autoFixable": false
      },
      {
        "type": "extra_column",
        "severity": "low",
        "entity": "projects.start_date",
        "description": "العمود \"start_date\" موجود في جدول \"projects\" في قاعدة البيانات ولكن غير معرف في المخطط",
        "suggestion": "العمود \"start_date\" موجود في جدول \"projects\" ولكن غير معرف في المخطط. أضفه للمخطط أو احذفه من قاعدة البيانات",
        "autoFixable": false
      },
      {
        "type": "extra_column",
        "severity": "low",
        "entity": "projects.end_date",
        "description": "العمود \"end_date\" موجود في جدول \"projects\" في قاعدة البيانات ولكن غير معرف في المخطط",
        "suggestion": "العمود \"end_date\" موجود في جدول \"projects\" ولكن غير معرف في المخطط. أضفه للمخطط أو احذفه من قاعدة البيانات",
        "autoFixable": false
      },
      {
        "type": "extra_column",
        "severity": "low",
        "entity": "projects.notes",
        "description": "العمود \"notes\" موجود في جدول \"projects\" في قاعدة البيانات ولكن غير معرف في المخطط",
        "suggestion": "العمود \"notes\" موجود في جدول \"projects\" ولكن غير معرف في المخطط. أضفه للمخطط أو احذفه من قاعدة البيانات",
        "autoFixable": false
      },
      {
        "type": "extra_column",
        "severity": "low",
        "entity": "projects.is_active",
        "description": "العمود \"is_active\" موجود في جدول \"projects\" في قاعدة البيانات ولكن غير معرف في المخطط",
        "suggestion": "العمود \"is_active\" موجود في جدول \"projects\" ولكن غير معرف في المخطط. أضفه للمخطط أو احذفه من قاعدة البيانات",
        "autoFixable": false
      },
      {
        "type": "extra_column",
        "severity": "low",
        "entity": "projects.manager_name",
        "description": "العمود \"manager_name\" موجود في جدول \"projects\" في قاعدة البيانات ولكن غير معرف في المخطط",
        "suggestion": "العمود \"manager_name\" موجود في جدول \"projects\" ولكن غير معرف في المخطط. أضفه للمخطط أو احذفه من قاعدة البيانات",
        "autoFixable": false
      },
      {
        "type": "extra_column",
        "severity": "low",
        "entity": "projects.contact_phone",
        "description": "العمود \"contact_phone\" موجود في جدول \"projects\" في قاعدة البيانات ولكن غير معرف في المخطط",
        "suggestion": "العمود \"contact_phone\" موجود في جدول \"projects\" ولكن غير معرف في المخطط. أضفه للمخطط أو احذفه من قاعدة البيانات",
        "autoFixable": false
      },
      {
        "type": "extra_column",
        "severity": "low",
        "entity": "projects.updated_at",
        "description": "العمود \"updated_at\" موجود في جدول \"projects\" في قاعدة البيانات ولكن غير معرف في المخطط",
        "suggestion": "العمود \"updated_at\" موجود في جدول \"projects\" ولكن غير معرف في المخطط. أضفه للمخطط أو احذفه من قاعدة البيانات",
        "autoFixable": false
      }
    ]
  }
}